// !$*UTF8*$!
{
	archiveVersion = 1;
	classes = {
	};
	objectVersion = 55;
	objects = {

/* Begin PBXBuildFile section */
		03D04C3B132914634C5E2DBC /* Pods_API_Digimon.framework in Frameworks */ = {isa = PBXBuildFile; fileRef = 15979882FF96BB75E6892117 /* Pods_API_Digimon.framework */; };
		0FE4E19E29758C1B008F7CDD /* DigimonViewModelTest.swift in Sources */ = {isa = PBXBuildFile; fileRef = 0FE4E19D29758C1B008F7CDD /* DigimonViewModelTest.swift */; };
		0FE4E1A62975A461008F7CDD /* MockDigimonServiceSpy.swift in Sources */ = {isa = PBXBuildFile; fileRef = 0FE4E1A52975A461008F7CDD /* MockDigimonServiceSpy.swift */; };
		0FE4E1A82975A48F008F7CDD /* DigimonViewModelDelegateSpy.swift in Sources */ = {isa = PBXBuildFile; fileRef = 0FE4E1A72975A48F008F7CDD /* DigimonViewModelDelegateSpy.swift */; };
		C965A04C284EBD6D00E69A81 /* AppDelegate.swift in Sources */ = {isa = PBXBuildFile; fileRef = C965A04B284EBD6D00E69A81 /* AppDelegate.swift */; };
		C965A04E284EBD6D00E69A81 /* SceneDelegate.swift in Sources */ = {isa = PBXBuildFile; fileRef = C965A04D284EBD6D00E69A81 /* SceneDelegate.swift */; };
		C965A050284EBD6D00E69A81 /* DigimonListViewController.swift in Sources */ = {isa = PBXBuildFile; fileRef = C965A04F284EBD6D00E69A81 /* DigimonListViewController.swift */; };
		C965A055284EBD6E00E69A81 /* Assets.xcassets in Resources */ = {isa = PBXBuildFile; fileRef = C965A054284EBD6E00E69A81 /* Assets.xcassets */; };
		C965A058284EBD6E00E69A81 /* LaunchScreen.storyboard in Resources */ = {isa = PBXBuildFile; fileRef = C965A056284EBD6E00E69A81 /* LaunchScreen.storyboard */; };
		C965A060284EC7A400E69A81 /* TableView.swift in Sources */ = {isa = PBXBuildFile; fileRef = C965A05F284EC7A400E69A81 /* TableView.swift */; };
		C965A062284ECC8200E69A81 /* CustomCell.swift in Sources */ = {isa = PBXBuildFile; fileRef = C965A061284ECC8200E69A81 /* CustomCell.swift */; };
		C965A066284ED82000E69A81 /* DigimonModel.swift in Sources */ = {isa = PBXBuildFile; fileRef = C965A065284ED82000E69A81 /* DigimonModel.swift */; };
		C965A068284ED87C00E69A81 /* APIManager.swift in Sources */ = {isa = PBXBuildFile; fileRef = C965A067284ED87C00E69A81 /* APIManager.swift */; };
		C9AD6F0E285108EF009E8E05 /* OnboardingView.swift in Sources */ = {isa = PBXBuildFile; fileRef = C9AD6F0D285108EF009E8E05 /* OnboardingView.swift */; };
		C9AD6F1028510D9C009E8E05 /* OnboardingViewController.swift in Sources */ = {isa = PBXBuildFile; fileRef = C9AD6F0F28510D9C009E8E05 /* OnboardingViewController.swift */; };
		C9C35E4E284F90B6003929F0 /* DigimonViewModel.swift in Sources */ = {isa = PBXBuildFile; fileRef = C9C35E4D284F90B6003929F0 /* DigimonViewModel.swift */; };
/* End PBXBuildFile section */

/* Begin PBXContainerItemProxy section */
		0FE4E19F29758C1B008F7CDD /* PBXContainerItemProxy */ = {
			isa = PBXContainerItemProxy;
			containerPortal = C965A040284EBD6D00E69A81 /* Project object */;
			proxyType = 1;
			remoteGlobalIDString = C965A047284EBD6D00E69A81;
			remoteInfo = "API-Digimon";
		};
/* End PBXContainerItemProxy section */

/* Begin PBXFileReference section */
		0FE4E19B29758C1B008F7CDD /* API-DigimonTests.xctest */ = {isa = PBXFileReference; explicitFileType = wrapper.cfbundle; includeInIndex = 0; path = "API-DigimonTests.xctest"; sourceTree = BUILT_PRODUCTS_DIR; };
		0FE4E19D29758C1B008F7CDD /* DigimonViewModelTest.swift */ = {isa = PBXFileReference; lastKnownFileType = sourcecode.swift; path = DigimonViewModelTest.swift; sourceTree = "<group>"; };
		0FE4E1A52975A461008F7CDD /* MockDigimonServiceSpy.swift */ = {isa = PBXFileReference; lastKnownFileType = sourcecode.swift; path = MockDigimonServiceSpy.swift; sourceTree = "<group>"; };
		0FE4E1A72975A48F008F7CDD /* DigimonViewModelDelegateSpy.swift */ = {isa = PBXFileReference; lastKnownFileType = sourcecode.swift; path = DigimonViewModelDelegateSpy.swift; sourceTree = "<group>"; };
		15979882FF96BB75E6892117 /* Pods_API_Digimon.framework */ = {isa = PBXFileReference; explicitFileType = wrapper.framework; includeInIndex = 0; path = Pods_API_Digimon.framework; sourceTree = BUILT_PRODUCTS_DIR; };
		43651C0D8C9A1FFB9D6BBE3E /* Pods-API-Digimon.debug.xcconfig */ = {isa = PBXFileReference; includeInIndex = 1; lastKnownFileType = text.xcconfig; name = "Pods-API-Digimon.debug.xcconfig"; path = "Target Support Files/Pods-API-Digimon/Pods-API-Digimon.debug.xcconfig"; sourceTree = "<group>"; };
		C965A048284EBD6D00E69A81 /* API-Digimon.app */ = {isa = PBXFileReference; explicitFileType = wrapper.application; includeInIndex = 0; path = "API-Digimon.app"; sourceTree = BUILT_PRODUCTS_DIR; };
		C965A04B284EBD6D00E69A81 /* AppDelegate.swift */ = {isa = PBXFileReference; lastKnownFileType = sourcecode.swift; path = AppDelegate.swift; sourceTree = "<group>"; };
		C965A04D284EBD6D00E69A81 /* SceneDelegate.swift */ = {isa = PBXFileReference; lastKnownFileType = sourcecode.swift; path = SceneDelegate.swift; sourceTree = "<group>"; };
		C965A04F284EBD6D00E69A81 /* DigimonListViewController.swift */ = {isa = PBXFileReference; lastKnownFileType = sourcecode.swift; path = DigimonListViewController.swift; sourceTree = "<group>"; };
		C965A054284EBD6E00E69A81 /* Assets.xcassets */ = {isa = PBXFileReference; lastKnownFileType = folder.assetcatalog; path = Assets.xcassets; sourceTree = "<group>"; };
		C965A057284EBD6E00E69A81 /* Base */ = {isa = PBXFileReference; lastKnownFileType = file.storyboard; name = Base; path = Base.lproj/LaunchScreen.storyboard; sourceTree = "<group>"; };
		C965A059284EBD6E00E69A81 /* Info.plist */ = {isa = PBXFileReference; lastKnownFileType = text.plist.xml; path = Info.plist; sourceTree = "<group>"; };
		C965A05F284EC7A400E69A81 /* TableView.swift */ = {isa = PBXFileReference; lastKnownFileType = sourcecode.swift; path = TableView.swift; sourceTree = "<group>"; };
		C965A061284ECC8200E69A81 /* CustomCell.swift */ = {isa = PBXFileReference; lastKnownFileType = sourcecode.swift; path = CustomCell.swift; sourceTree = "<group>"; };
		C965A065284ED82000E69A81 /* DigimonModel.swift */ = {isa = PBXFileReference; lastKnownFileType = sourcecode.swift; path = DigimonModel.swift; sourceTree = "<group>"; };
		C965A067284ED87C00E69A81 /* APIManager.swift */ = {isa = PBXFileReference; lastKnownFileType = sourcecode.swift; path = APIManager.swift; sourceTree = "<group>"; };
		C9AD6F0D285108EF009E8E05 /* OnboardingView.swift */ = {isa = PBXFileReference; lastKnownFileType = sourcecode.swift; path = OnboardingView.swift; sourceTree = "<group>"; };
		C9AD6F0F28510D9C009E8E05 /* OnboardingViewController.swift */ = {isa = PBXFileReference; lastKnownFileType = sourcecode.swift; path = OnboardingViewController.swift; sourceTree = "<group>"; };
		C9C35E4D284F90B6003929F0 /* DigimonViewModel.swift */ = {isa = PBXFileReference; lastKnownFileType = sourcecode.swift; path = DigimonViewModel.swift; sourceTree = "<group>"; };
		CF2417243696EA87D7716933 /* Pods-API-Digimon.release.xcconfig */ = {isa = PBXFileReference; includeInIndex = 1; lastKnownFileType = text.xcconfig; name = "Pods-API-Digimon.release.xcconfig"; path = "Target Support Files/Pods-API-Digimon/Pods-API-Digimon.release.xcconfig"; sourceTree = "<group>"; };
/* End PBXFileReference section */

/* Begin PBXFrameworksBuildPhase section */
		0FE4E19829758C1B008F7CDD /* Frameworks */ = {
			isa = PBXFrameworksBuildPhase;
			buildActionMask = 2147483647;
			files = (
			);
			runOnlyForDeploymentPostprocessing = 0;
		};
		C965A045284EBD6D00E69A81 /* Frameworks */ = {
			isa = PBXFrameworksBuildPhase;
			buildActionMask = 2147483647;
			files = (
				03D04C3B132914634C5E2DBC /* Pods_API_Digimon.framework in Frameworks */,
			);
			runOnlyForDeploymentPostprocessing = 0;
		};
/* End PBXFrameworksBuildPhase section */

/* Begin PBXGroup section */
		0FC576AC2967054B00B6E0A9 /* Source */ = {
			isa = PBXGroup;
			children = (
				C965A04B284EBD6D00E69A81 /* AppDelegate.swift */,
				C965A04D284EBD6D00E69A81 /* SceneDelegate.swift */,
				C965A054284EBD6E00E69A81 /* Assets.xcassets */,
				C965A056284EBD6E00E69A81 /* LaunchScreen.storyboard */,
			);
			path = Source;
			sourceTree = "<group>";
		};
		0FE4E19C29758C1B008F7CDD /* API-DigimonTests */ = {
			isa = PBXGroup;
			children = (
				0FE4E1A429758C3B008F7CDD /* DigimonsListTests */,
			);
			path = "API-DigimonTests";
			sourceTree = "<group>";
		};
		0FE4E1A429758C3B008F7CDD /* DigimonsListTests */ = {
			isa = PBXGroup;
			children = (
				0FE4E19D29758C1B008F7CDD /* DigimonViewModelTest.swift */,
				0FE4E1A52975A461008F7CDD /* MockDigimonServiceSpy.swift */,
				0FE4E1A72975A48F008F7CDD /* DigimonViewModelDelegateSpy.swift */,
			);
			path = DigimonsListTests;
			sourceTree = "<group>";
		};
		1465D0069C3DF55E98DB0916 /* Pods */ = {
			isa = PBXGroup;
			children = (
				43651C0D8C9A1FFB9D6BBE3E /* Pods-API-Digimon.debug.xcconfig */,
				CF2417243696EA87D7716933 /* Pods-API-Digimon.release.xcconfig */,
			);
			path = Pods;
			sourceTree = "<group>";
		};
		C965A03F284EBD6D00E69A81 = {
			isa = PBXGroup;
			children = (
				C965A04A284EBD6D00E69A81 /* API-Digimon */,
				0FE4E19C29758C1B008F7CDD /* API-DigimonTests */,
				C965A049284EBD6D00E69A81 /* Products */,
				1465D0069C3DF55E98DB0916 /* Pods */,
				D9BE252B86F009063A5DC154 /* Frameworks */,
			);
			sourceTree = "<group>";
		};
		C965A049284EBD6D00E69A81 /* Products */ = {
			isa = PBXGroup;
			children = (
				C965A048284EBD6D00E69A81 /* API-Digimon.app */,
				0FE4E19B29758C1B008F7CDD /* API-DigimonTests.xctest */,
			);
			name = Products;
			sourceTree = "<group>";
		};
		C965A04A284EBD6D00E69A81 /* API-Digimon */ = {
			isa = PBXGroup;
			children = (
				0FC576AC2967054B00B6E0A9 /* Source */,
				C9AD6F0C28510875009E8E05 /* Onboarding */,
				C9AD6F0A2851082A009E8E05 /* Service */,
				C9AD6F0928510753009E8E05 /* DigimonsList */,
				C965A059284EBD6E00E69A81 /* Info.plist */,
			);
			path = "API-Digimon";
			sourceTree = "<group>";
		};
		C9AD6F0928510753009E8E05 /* DigimonsList */ = {
			isa = PBXGroup;
			children = (
				C9C35E4D284F90B6003929F0 /* DigimonViewModel.swift */,
				C965A065284ED82000E69A81 /* DigimonModel.swift */,
				C965A061284ECC8200E69A81 /* CustomCell.swift */,
				C965A05F284EC7A400E69A81 /* TableView.swift */,
				C965A04F284EBD6D00E69A81 /* DigimonListViewController.swift */,
			);
			path = DigimonsList;
			sourceTree = "<group>";
		};
		C9AD6F0A2851082A009E8E05 /* Service */ = {
			isa = PBXGroup;
			children = (
				C965A067284ED87C00E69A81 /* APIManager.swift */,
			);
			path = Service;
			sourceTree = "<group>";
		};
		C9AD6F0C28510875009E8E05 /* Onboarding */ = {
			isa = PBXGroup;
			children = (
				C9AD6F0D285108EF009E8E05 /* OnboardingView.swift */,
				C9AD6F0F28510D9C009E8E05 /* OnboardingViewController.swift */,
			);
			path = Onboarding;
			sourceTree = "<group>";
		};
		D9BE252B86F009063A5DC154 /* Frameworks */ = {
			isa = PBXGroup;
			children = (
				15979882FF96BB75E6892117 /* Pods_API_Digimon.framework */,
			);
			name = Frameworks;
			sourceTree = "<group>";
		};
/* End PBXGroup section */

/* Begin PBXNativeTarget section */
		0FE4E19A29758C1B008F7CDD /* API-DigimonTests */ = {
			isa = PBXNativeTarget;
			buildConfigurationList = 0FE4E1A329758C1B008F7CDD /* Build configuration list for PBXNativeTarget "API-DigimonTests" */;
			buildPhases = (
				0FE4E19729758C1B008F7CDD /* Sources */,
				0FE4E19829758C1B008F7CDD /* Frameworks */,
				0FE4E19929758C1B008F7CDD /* Resources */,
			);
			buildRules = (
			);
			dependencies = (
				0FE4E1A029758C1B008F7CDD /* PBXTargetDependency */,
			);
			name = "API-DigimonTests";
			productName = "API-DigimonTests";
			productReference = 0FE4E19B29758C1B008F7CDD /* API-DigimonTests.xctest */;
			productType = "com.apple.product-type.bundle.unit-test";
		};
		C965A047284EBD6D00E69A81 /* API-Digimon */ = {
			isa = PBXNativeTarget;
			buildConfigurationList = C965A05C284EBD6E00E69A81 /* Build configuration list for PBXNativeTarget "API-Digimon" */;
			buildPhases = (
				0112CEB58F29519853E4F1CB /* [CP] Check Pods Manifest.lock */,
				C965A044284EBD6D00E69A81 /* Sources */,
				C965A045284EBD6D00E69A81 /* Frameworks */,
				C965A046284EBD6D00E69A81 /* Resources */,
				D820EAB64B2F19B44061C1F2 /* [CP] Embed Pods Frameworks */,
			);
			buildRules = (
			);
			dependencies = (
			);
			name = "API-Digimon";
			productName = "API-Digimon";
			productReference = C965A048284EBD6D00E69A81 /* API-Digimon.app */;
			productType = "com.apple.product-type.application";
		};
/* End PBXNativeTarget section */

/* Begin PBXProject section */
		C965A040284EBD6D00E69A81 /* Project object */ = {
			isa = PBXProject;
			attributes = {
				BuildIndependentTargetsInParallel = 1;
				LastSwiftUpdateCheck = 1400;
				LastUpgradeCheck = 1340;
				TargetAttributes = {
					0FE4E19A29758C1B008F7CDD = {
						CreatedOnToolsVersion = 14.0;
						TestTargetID = C965A047284EBD6D00E69A81;
					};
					C965A047284EBD6D00E69A81 = {
						CreatedOnToolsVersion = 13.4;
					};
				};
			};
			buildConfigurationList = C965A043284EBD6D00E69A81 /* Build configuration list for PBXProject "API-Digimon" */;
			compatibilityVersion = "Xcode 13.0";
			developmentRegion = en;
			hasScannedForEncodings = 0;
			knownRegions = (
				en,
				Base,
			);
			mainGroup = C965A03F284EBD6D00E69A81;
			productRefGroup = C965A049284EBD6D00E69A81 /* Products */;
			projectDirPath = "";
			projectRoot = "";
			targets = (
				C965A047284EBD6D00E69A81 /* API-Digimon */,
				0FE4E19A29758C1B008F7CDD /* API-DigimonTests */,
			);
		};
/* End PBXProject section */

/* Begin PBXResourcesBuildPhase section */
		0FE4E19929758C1B008F7CDD /* Resources */ = {
			isa = PBXResourcesBuildPhase;
			buildActionMask = 2147483647;
			files = (
			);
			runOnlyForDeploymentPostprocessing = 0;
		};
		C965A046284EBD6D00E69A81 /* Resources */ = {
			isa = PBXResourcesBuildPhase;
			buildActionMask = 2147483647;
			files = (
				C965A058284EBD6E00E69A81 /* LaunchScreen.storyboard in Resources */,
				C965A055284EBD6E00E69A81 /* Assets.xcassets in Resources */,
			);
			runOnlyForDeploymentPostprocessing = 0;
		};
/* End PBXResourcesBuildPhase section */

/* Begin PBXShellScriptBuildPhase section */
		0112CEB58F29519853E4F1CB /* [CP] Check Pods Manifest.lock */ = {
			isa = PBXShellScriptBuildPhase;
			buildActionMask = 2147483647;
			files = (
			);
			inputFileListPaths = (
			);
			inputPaths = (
				"${PODS_PODFILE_DIR_PATH}/Podfile.lock",
				"${PODS_ROOT}/Manifest.lock",
			);
			name = "[CP] Check Pods Manifest.lock";
			outputFileListPaths = (
			);
			outputPaths = (
				"$(DERIVED_FILE_DIR)/Pods-API-Digimon-checkManifestLockResult.txt",
			);
			runOnlyForDeploymentPostprocessing = 0;
			shellPath = /bin/sh;
			shellScript = "diff \"${PODS_PODFILE_DIR_PATH}/Podfile.lock\" \"${PODS_ROOT}/Manifest.lock\" > /dev/null\nif [ $? != 0 ] ; then\n    # print error to STDERR\n    echo \"error: The sandbox is not in sync with the Podfile.lock. Run 'pod install' or update your CocoaPods installation.\" >&2\n    exit 1\nfi\n# This output is used by Xcode 'outputs' to avoid re-running this script phase.\necho \"SUCCESS\" > \"${SCRIPT_OUTPUT_FILE_0}\"\n";
			showEnvVarsInLog = 0;
		};
		D820EAB64B2F19B44061C1F2 /* [CP] Embed Pods Frameworks */ = {
			isa = PBXShellScriptBuildPhase;
			buildActionMask = 2147483647;
			files = (
			);
			inputFileListPaths = (
				"${PODS_ROOT}/Target Support Files/Pods-API-Digimon/Pods-API-Digimon-frameworks-${CONFIGURATION}-input-files.xcfilelist",
			);
			name = "[CP] Embed Pods Frameworks";
			outputFileListPaths = (
				"${PODS_ROOT}/Target Support Files/Pods-API-Digimon/Pods-API-Digimon-frameworks-${CONFIGURATION}-output-files.xcfilelist",
			);
			runOnlyForDeploymentPostprocessing = 0;
			shellPath = /bin/sh;
			shellScript = "\"${PODS_ROOT}/Target Support Files/Pods-API-Digimon/Pods-API-Digimon-frameworks.sh\"\n";
			showEnvVarsInLog = 0;
		};
/* End PBXShellScriptBuildPhase section */

/* Begin PBXSourcesBuildPhase section */
		0FE4E19729758C1B008F7CDD /* Sources */ = {
			isa = PBXSourcesBuildPhase;
			buildActionMask = 2147483647;
			files = (
				0FE4E1A82975A48F008F7CDD /* DigimonViewModelDelegateSpy.swift in Sources */,
				0FE4E1A62975A461008F7CDD /* MockDigimonServiceSpy.swift in Sources */,
				0FE4E19E29758C1B008F7CDD /* DigimonViewModelTest.swift in Sources */,
			);
			runOnlyForDeploymentPostprocessing = 0;
		};
		C965A044284EBD6D00E69A81 /* Sources */ = {
			isa = PBXSourcesBuildPhase;
			buildActionMask = 2147483647;
			files = (
				C9C35E4E284F90B6003929F0 /* DigimonViewModel.swift in Sources */,
				C965A066284ED82000E69A81 /* DigimonModel.swift in Sources */,
				C965A050284EBD6D00E69A81 /* DigimonListViewController.swift in Sources */,
				C9AD6F0E285108EF009E8E05 /* OnboardingView.swift in Sources */,
				C965A060284EC7A400E69A81 /* TableView.swift in Sources */,
				C965A068284ED87C00E69A81 /* APIManager.swift in Sources */,
				C965A062284ECC8200E69A81 /* CustomCell.swift in Sources */,
				C965A04C284EBD6D00E69A81 /* AppDelegate.swift in Sources */,
				C9AD6F1028510D9C009E8E05 /* OnboardingViewController.swift in Sources */,
				C965A04E284EBD6D00E69A81 /* SceneDelegate.swift in Sources */,
			);
			runOnlyForDeploymentPostprocessing = 0;
		};
/* End PBXSourcesBuildPhase section */

/* Begin PBXTargetDependency section */
		0FE4E1A029758C1B008F7CDD /* PBXTargetDependency */ = {
			isa = PBXTargetDependency;
			target = C965A047284EBD6D00E69A81 /* API-Digimon */;
			targetProxy = 0FE4E19F29758C1B008F7CDD /* PBXContainerItemProxy */;
		};
/* End PBXTargetDependency section */

/* Begin PBXVariantGroup section */
		C965A056284EBD6E00E69A81 /* LaunchScreen.storyboard */ = {
			isa = PBXVariantGroup;
			children = (
				C965A057284EBD6E00E69A81 /* Base */,
			);
			name = LaunchScreen.storyboard;
			sourceTree = "<group>";
		};
/* End PBXVariantGroup section */

/* Begin XCBuildConfiguration section */
		0FE4E1A129758C1B008F7CDD /* Debug */ = {
			isa = XCBuildConfiguration;
			buildSettings = {
				BUNDLE_LOADER = "$(TEST_HOST)";
				CLANG_CXX_LANGUAGE_STANDARD = "gnu++20";
				CODE_SIGN_STYLE = Automatic;
				CURRENT_PROJECT_VERSION = 1;
				DEVELOPMENT_TEAM = HXRS3CF57N;
				GENERATE_INFOPLIST_FILE = YES;
				IPHONEOS_DEPLOYMENT_TARGET = 16.0;
				MACOSX_DEPLOYMENT_TARGET = 12.3;
				MARKETING_VERSION = 1.0;
				PRODUCT_BUNDLE_IDENTIFIER = "br.com.practicing.API-DigimonTests";
				PRODUCT_NAME = "$(TARGET_NAME)";
				SDKROOT = auto;
				SUPPORTED_PLATFORMS = "iphoneos iphonesimulator macosx";
				SWIFT_EMIT_LOC_STRINGS = NO;
				SWIFT_VERSION = 5.0;
				TARGETED_DEVICE_FAMILY = "1,2";
				TEST_HOST = "$(BUILT_PRODUCTS_DIR)/API-Digimon.app/$(BUNDLE_EXECUTABLE_FOLDER_PATH)/API-Digimon";
			};
			name = Debug;
		};
		0FE4E1A229758C1B008F7CDD /* Release */ = {
			isa = XCBuildConfiguration;
			buildSettings = {
				BUNDLE_LOADER = "$(TEST_HOST)";
				CLANG_CXX_LANGUAGE_STANDARD = "gnu++20";
				CODE_SIGN_STYLE = Automatic;
				CURRENT_PROJECT_VERSION = 1;
				DEVELOPMENT_TEAM = HXRS3CF57N;
				GENERATE_INFOPLIST_FILE = YES;
				IPHONEOS_DEPLOYMENT_TARGET = 16.0;
				MACOSX_DEPLOYMENT_TARGET = 12.3;
				MARKETING_VERSION = 1.0;
				PRODUCT_BUNDLE_IDENTIFIER = "br.com.practicing.API-DigimonTests";
				PRODUCT_NAME = "$(TARGET_NAME)";
				SDKROOT = auto;
				SUPPORTED_PLATFORMS = "iphoneos iphonesimulator macosx";
				SWIFT_EMIT_LOC_STRINGS = NO;
				SWIFT_VERSION = 5.0;
				TARGETED_DEVICE_FAMILY = "1,2";
				TEST_HOST = "$(BUILT_PRODUCTS_DIR)/API-Digimon.app/$(BUNDLE_EXECUTABLE_FOLDER_PATH)/API-Digimon";
			};
			name = Release;
		};
		C965A05A284EBD6E00E69A81 /* Debug */ = {
			isa = XCBuildConfiguration;
			buildSettings = {
				ALWAYS_SEARCH_USER_PATHS = NO;
				CLANG_ANALYZER_NONNULL = YES;
				CLANG_ANALYZER_NUMBER_OBJECT_CONVERSION = YES_AGGRESSIVE;
				CLANG_CXX_LANGUAGE_STANDARD = "gnu++17";
				CLANG_ENABLE_MODULES = YES;
				CLANG_ENABLE_OBJC_ARC = YES;
				CLANG_ENABLE_OBJC_WEAK = YES;
				CLANG_WARN_BLOCK_CAPTURE_AUTORELEASING = YES;
				CLANG_WARN_BOOL_CONVERSION = YES;
				CLANG_WARN_COMMA = YES;
				CLANG_WARN_CONSTANT_CONVERSION = YES;
				CLANG_WARN_DEPRECATED_OBJC_IMPLEMENTATIONS = YES;
				CLANG_WARN_DIRECT_OBJC_ISA_USAGE = YES_ERROR;
				CLANG_WARN_DOCUMENTATION_COMMENTS = YES;
				CLANG_WARN_EMPTY_BODY = YES;
				CLANG_WARN_ENUM_CONVERSION = YES;
				CLANG_WARN_INFINITE_RECURSION = YES;
				CLANG_WARN_INT_CONVERSION = YES;
				CLANG_WARN_NON_LITERAL_NULL_CONVERSION = YES;
				CLANG_WARN_OBJC_IMPLICIT_RETAIN_SELF = YES;
				CLANG_WARN_OBJC_LITERAL_CONVERSION = YES;
				CLANG_WARN_OBJC_ROOT_CLASS = YES_ERROR;
				CLANG_WARN_QUOTED_INCLUDE_IN_FRAMEWORK_HEADER = YES;
				CLANG_WARN_RANGE_LOOP_ANALYSIS = YES;
				CLANG_WARN_STRICT_PROTOTYPES = YES;
				CLANG_WARN_SUSPICIOUS_MOVE = YES;
				CLANG_WARN_UNGUARDED_AVAILABILITY = YES_AGGRESSIVE;
				CLANG_WARN_UNREACHABLE_CODE = YES;
				CLANG_WARN__DUPLICATE_METHOD_MATCH = YES;
				COPY_PHASE_STRIP = NO;
				DEBUG_INFORMATION_FORMAT = dwarf;
				ENABLE_STRICT_OBJC_MSGSEND = YES;
				ENABLE_TESTABILITY = YES;
				GCC_C_LANGUAGE_STANDARD = gnu11;
				GCC_DYNAMIC_NO_PIC = NO;
				GCC_NO_COMMON_BLOCKS = YES;
				GCC_OPTIMIZATION_LEVEL = 0;
				GCC_PREPROCESSOR_DEFINITIONS = (
					"DEBUG=1",
					"$(inherited)",
				);
				GCC_WARN_64_TO_32_BIT_CONVERSION = YES;
				GCC_WARN_ABOUT_RETURN_TYPE = YES_ERROR;
				GCC_WARN_UNDECLARED_SELECTOR = YES;
				GCC_WARN_UNINITIALIZED_AUTOS = YES_AGGRESSIVE;
				GCC_WARN_UNUSED_FUNCTION = YES;
				GCC_WARN_UNUSED_VARIABLE = YES;
				IPHONEOS_DEPLOYMENT_TARGET = 15.5;
				MTL_ENABLE_DEBUG_INFO = INCLUDE_SOURCE;
				MTL_FAST_MATH = YES;
				ONLY_ACTIVE_ARCH = YES;
				SDKROOT = iphoneos;
				SWIFT_ACTIVE_COMPILATION_CONDITIONS = DEBUG;
				SWIFT_OPTIMIZATION_LEVEL = "-Onone";
			};
			name = Debug;
		};
		C965A05B284EBD6E00E69A81 /* Release */ = {
			isa = XCBuildConfiguration;
			buildSettings = {
				ALWAYS_SEARCH_USER_PATHS = NO;
				CLANG_ANALYZER_NONNULL = YES;
				CLANG_ANALYZER_NUMBER_OBJECT_CONVERSION = YES_AGGRESSIVE;
				CLANG_CXX_LANGUAGE_STANDARD = "gnu++17";
				CLANG_ENABLE_MODULES = YES;
				CLANG_ENABLE_OBJC_ARC = YES;
				CLANG_ENABLE_OBJC_WEAK = YES;
				CLANG_WARN_BLOCK_CAPTURE_AUTORELEASING = YES;
				CLANG_WARN_BOOL_CONVERSION = YES;
				CLANG_WARN_COMMA = YES;
				CLANG_WARN_CONSTANT_CONVERSION = YES;
				CLANG_WARN_DEPRECATED_OBJC_IMPLEMENTATIONS = YES;
				CLANG_WARN_DIRECT_OBJC_ISA_USAGE = YES_ERROR;
				CLANG_WARN_DOCUMENTATION_COMMENTS = YES;
				CLANG_WARN_EMPTY_BODY = YES;
				CLANG_WARN_ENUM_CONVERSION = YES;
				CLANG_WARN_INFINITE_RECURSION = YES;
				CLANG_WARN_INT_CONVERSION = YES;
				CLANG_WARN_NON_LITERAL_NULL_CONVERSION = YES;
				CLANG_WARN_OBJC_IMPLICIT_RETAIN_SELF = YES;
				CLANG_WARN_OBJC_LITERAL_CONVERSION = YES;
				CLANG_WARN_OBJC_ROOT_CLASS = YES_ERROR;
				CLANG_WARN_QUOTED_INCLUDE_IN_FRAMEWORK_HEADER = YES;
				CLANG_WARN_RANGE_LOOP_ANALYSIS = YES;
				CLANG_WARN_STRICT_PROTOTYPES = YES;
				CLANG_WARN_SUSPICIOUS_MOVE = YES;
				CLANG_WARN_UNGUARDED_AVAILABILITY = YES_AGGRESSIVE;
				CLANG_WARN_UNREACHABLE_CODE = YES;
				CLANG_WARN__DUPLICATE_METHOD_MATCH = YES;
				COPY_PHASE_STRIP = NO;
				DEBUG_INFORMATION_FORMAT = "dwarf-with-dsym";
				ENABLE_NS_ASSERTIONS = NO;
				ENABLE_STRICT_OBJC_MSGSEND = YES;
				GCC_C_LANGUAGE_STANDARD = gnu11;
				GCC_NO_COMMON_BLOCKS = YES;
				GCC_WARN_64_TO_32_BIT_CONVERSION = YES;
				GCC_WARN_ABOUT_RETURN_TYPE = YES_ERROR;
				GCC_WARN_UNDECLARED_SELECTOR = YES;
				GCC_WARN_UNINITIALIZED_AUTOS = YES_AGGRESSIVE;
				GCC_WARN_UNUSED_FUNCTION = YES;
				GCC_WARN_UNUSED_VARIABLE = YES;
				IPHONEOS_DEPLOYMENT_TARGET = 15.5;
				MTL_ENABLE_DEBUG_INFO = NO;
				MTL_FAST_MATH = YES;
				SDKROOT = iphoneos;
				SWIFT_COMPILATION_MODE = wholemodule;
				SWIFT_OPTIMIZATION_LEVEL = "-O";
				VALIDATE_PRODUCT = YES;
			};
			name = Release;
		};
		C965A05D284EBD6E00E69A81 /* Debug */ = {
			isa = XCBuildConfiguration;
			baseConfigurationReference = 43651C0D8C9A1FFB9D6BBE3E /* Pods-API-Digimon.debug.xcconfig */;
			buildSettings = {
				ASSETCATALOG_COMPILER_APPICON_NAME = AppIcon;
				ASSETCATALOG_COMPILER_GLOBAL_ACCENT_COLOR_NAME = AccentColor;
				CODE_SIGN_STYLE = Automatic;
				CURRENT_PROJECT_VERSION = 1;
				DEVELOPMENT_TEAM = HXRS3CF57N;
				GENERATE_INFOPLIST_FILE = YES;
				INFOPLIST_FILE = "API-Digimon/Info.plist";
				INFOPLIST_KEY_UIApplicationSupportsIndirectInputEvents = YES;
				INFOPLIST_KEY_UILaunchStoryboardName = LaunchScreen;
				INFOPLIST_KEY_UISupportedInterfaceOrientations_iPad = "UIInterfaceOrientationPortrait UIInterfaceOrientationPortraitUpsideDown UIInterfaceOrientationLandscapeLeft UIInterfaceOrientationLandscapeRight";
				INFOPLIST_KEY_UISupportedInterfaceOrientations_iPhone = "UIInterfaceOrientationPortrait UIInterfaceOrientationLandscapeLeft UIInterfaceOrientationLandscapeRight";
				LD_RUNPATH_SEARCH_PATHS = (
					"$(inherited)",
					"@executable_path/Frameworks",
				);
				MARKETING_VERSION = 1.0;
				PRODUCT_BUNDLE_IDENTIFIER = "Foursys.API-Digimon";
				PRODUCT_NAME = "$(TARGET_NAME)";
				SWIFT_EMIT_LOC_STRINGS = YES;
				SWIFT_VERSION = 5.0;
				TARGETED_DEVICE_FAMILY = "1,2";
			};
			name = Debug;
		};
		C965A05E284EBD6E00E69A81 /* Release */ = {
			isa = XCBuildConfiguration;
			baseConfigurationReference = CF2417243696EA87D7716933 /* Pods-API-Digimon.release.xcconfig */;
			buildSettings = {
				ASSETCATALOG_COMPILER_APPICON_NAME = AppIcon;
				ASSETCATALOG_COMPILER_GLOBAL_ACCENT_COLOR_NAME = AccentColor;
				CODE_SIGN_STYLE = Automatic;
				CURRENT_PROJECT_VERSION = 1;
				DEVELOPMENT_TEAM = HXRS3CF57N;
				GENERATE_INFOPLIST_FILE = YES;
				INFOPLIST_FILE = "API-Digimon/Info.plist";
				INFOPLIST_KEY_UIApplicationSupportsIndirectInputEvents = YES;
				INFOPLIST_KEY_UILaunchStoryboardName = LaunchScreen;
				INFOPLIST_KEY_UISupportedInterfaceOrientations_iPad = "UIInterfaceOrientationPortrait UIInterfaceOrientationPortraitUpsideDown UIInterfaceOrientationLandscapeLeft UIInterfaceOrientationLandscapeRight";
				INFOPLIST_KEY_UISupportedInterfaceOrientations_iPhone = "UIInterfaceOrientationPortrait UIInterfaceOrientationLandscapeLeft UIInterfaceOrientationLandscapeRight";
				LD_RUNPATH_SEARCH_PATHS = (
					"$(inherited)",
					"@executable_path/Frameworks",
				);
				MARKETING_VERSION = 1.0;
				PRODUCT_BUNDLE_IDENTIFIER = "Foursys.API-Digimon";
				PRODUCT_NAME = "$(TARGET_NAME)";
				SWIFT_EMIT_LOC_STRINGS = YES;
				SWIFT_VERSION = 5.0;
				TARGETED_DEVICE_FAMILY = "1,2";
			};
			name = Release;
		};
/* End XCBuildConfiguration section */

/* Begin XCConfigurationList section */
		0FE4E1A329758C1B008F7CDD /* Build configuration list for PBXNativeTarget "API-DigimonTests" */ = {
			isa = XCConfigurationList;
			buildConfigurations = (
				0FE4E1A129758C1B008F7CDD /* Debug */,
				0FE4E1A229758C1B008F7CDD /* Release */,
			);
			defaultConfigurationIsVisible = 0;
			defaultConfigurationName = Release;
		};
		C965A043284EBD6D00E69A81 /* Build configuration list for PBXProject "API-Digimon" */ = {
			isa = XCConfigurationList;
			buildConfigurations = (
				C965A05A284EBD6E00E69A81 /* Debug */,
				C965A05B284EBD6E00E69A81 /* Release */,
			);
			defaultConfigurationIsVisible = 0;
			defaultConfigurationName = Release;
		};
		C965A05C284EBD6E00E69A81 /* Build configuration list for PBXNativeTarget "API-Digimon" */ = {
			isa = XCConfigurationList;
			buildConfigurations = (
				C965A05D284EBD6E00E69A81 /* Debug */,
				C965A05E284EBD6E00E69A81 /* Release */,
			);
			defaultConfigurationIsVisible = 0;
			defaultConfigurationName = Release;
		};
/* End XCConfigurationList section */
	};
	rootObject = C965A040284EBD6D00E69A81 /* Project object */;
}
