// !$*UTF8*$!
{
	archiveVersion = 1;
	classes = {
	};
	objectVersion = 55;
	objects = {

/* Begin PBXBuildFile section */
		C965A04C284EBD6D00E69A81 /* AppDelegate.swift in Sources */ = {isa = PBXBuildFile; fileRef = C965A04B284EBD6D00E69A81 /* AppDelegate.swift */; };
		C965A04E284EBD6D00E69A81 /* SceneDelegate.swift in Sources */ = {isa = PBXBuildFile; fileRef = C965A04D284EBD6D00E69A81 /* SceneDelegate.swift */; };
		C965A050284EBD6D00E69A81 /* ViewController.swift in Sources */ = {isa = PBXBuildFile; fileRef = C965A04F284EBD6D00E69A81 /* ViewController.swift */; };
		C965A055284EBD6E00E69A81 /* Assets.xcassets in Resources */ = {isa = PBXBuildFile; fileRef = C965A054284EBD6E00E69A81 /* Assets.xcassets */; };
		C965A058284EBD6E00E69A81 /* LaunchScreen.storyboard in Resources */ = {isa = PBXBuildFile; fileRef = C965A056284EBD6E00E69A81 /* LaunchScreen.storyboard */; };
		C965A060284EC7A400E69A81 /* TableView.swift in Sources */ = {isa = PBXBuildFile; fileRef = C965A05F284EC7A400E69A81 /* TableView.swift */; };
		C965A062284ECC8200E69A81 /* CustomCell.swift in Sources */ = {isa = PBXBuildFile; fileRef = C965A061284ECC8200E69A81 /* CustomCell.swift */; };
		C965A064284ED33A00E69A81 /* ConfigurableCellProtocol.swift in Sources */ = {isa = PBXBuildFile; fileRef = C965A063284ED33A00E69A81 /* ConfigurableCellProtocol.swift */; };
		C965A066284ED82000E69A81 /* DigimonModel.swift in Sources */ = {isa = PBXBuildFile; fileRef = C965A065284ED82000E69A81 /* DigimonModel.swift */; };
		C965A068284ED87C00E69A81 /* APIManager.swift in Sources */ = {isa = PBXBuildFile; fileRef = C965A067284ED87C00E69A81 /* APIManager.swift */; };
		C9AD6F0E285108EF009E8E05 /* OnboardingView.swift in Sources */ = {isa = PBXBuildFile; fileRef = C9AD6F0D285108EF009E8E05 /* OnboardingView.swift */; };
		C9AD6F1028510D9C009E8E05 /* OnboardingViewController.swift in Sources */ = {isa = PBXBuildFile; fileRef = C9AD6F0F28510D9C009E8E05 /* OnboardingViewController.swift */; };
		C9C35E4E284F90B6003929F0 /* DigimonViewModel.swift in Sources */ = {isa = PBXBuildFile; fileRef = C9C35E4D284F90B6003929F0 /* DigimonViewModel.swift */; };
/* End PBXBuildFile section */

/* Begin PBXFileReference section */
		C965A048284EBD6D00E69A81 /* API-Digimon.app */ = {isa = PBXFileReference; explicitFileType = wrapper.application; includeInIndex = 0; path = "API-Digimon.app"; sourceTree = BUILT_PRODUCTS_DIR; };
		C965A04B284EBD6D00E69A81 /* AppDelegate.swift */ = {isa = PBXFileReference; lastKnownFileType = sourcecode.swift; path = AppDelegate.swift; sourceTree = "<group>"; };
		C965A04D284EBD6D00E69A81 /* SceneDelegate.swift */ = {isa = PBXFileReference; lastKnownFileType = sourcecode.swift; path = SceneDelegate.swift; sourceTree = "<group>"; };
		C965A04F284EBD6D00E69A81 /* ViewController.swift */ = {isa = PBXFileReference; lastKnownFileType = sourcecode.swift; path = ViewController.swift; sourceTree = "<group>"; };
		C965A054284EBD6E00E69A81 /* Assets.xcassets */ = {isa = PBXFileReference; lastKnownFileType = folder.assetcatalog; path = Assets.xcassets; sourceTree = "<group>"; };
		C965A057284EBD6E00E69A81 /* Base */ = {isa = PBXFileReference; lastKnownFileType = file.storyboard; name = Base; path = Base.lproj/LaunchScreen.storyboard; sourceTree = "<group>"; };
		C965A059284EBD6E00E69A81 /* Info.plist */ = {isa = PBXFileReference; lastKnownFileType = text.plist.xml; path = Info.plist; sourceTree = "<group>"; };
		C965A05F284EC7A400E69A81 /* TableView.swift */ = {isa = PBXFileReference; lastKnownFileType = sourcecode.swift; path = TableView.swift; sourceTree = "<group>"; };
		C965A061284ECC8200E69A81 /* CustomCell.swift */ = {isa = PBXFileReference; lastKnownFileType = sourcecode.swift; path = CustomCell.swift; sourceTree = "<group>"; };
		C965A063284ED33A00E69A81 /* ConfigurableCellProtocol.swift */ = {isa = PBXFileReference; lastKnownFileType = sourcecode.swift; path = ConfigurableCellProtocol.swift; sourceTree = "<group>"; };
		C965A065284ED82000E69A81 /* DigimonModel.swift */ = {isa = PBXFileReference; lastKnownFileType = sourcecode.swift; path = DigimonModel.swift; sourceTree = "<group>"; };
		C965A067284ED87C00E69A81 /* APIManager.swift */ = {isa = PBXFileReference; lastKnownFileType = sourcecode.swift; path = APIManager.swift; sourceTree = "<group>"; };
		C9AD6F0D285108EF009E8E05 /* OnboardingView.swift */ = {isa = PBXFileReference; lastKnownFileType = sourcecode.swift; path = OnboardingView.swift; sourceTree = "<group>"; };
		C9AD6F0F28510D9C009E8E05 /* OnboardingViewController.swift */ = {isa = PBXFileReference; lastKnownFileType = sourcecode.swift; path = OnboardingViewController.swift; sourceTree = "<group>"; };
		C9C35E4D284F90B6003929F0 /* DigimonViewModel.swift */ = {isa = PBXFileReference; lastKnownFileType = sourcecode.swift; path = DigimonViewModel.swift; sourceTree = "<group>"; };
/* End PBXFileReference section */

/* Begin PBXFrameworksBuildPhase section */
		C965A045284EBD6D00E69A81 /* Frameworks */ = {
			isa = PBXFrameworksBuildPhase;
			buildActionMask = 2147483647;
			files = (
			);
			runOnlyForDeploymentPostprocessing = 0;
		};
/* End PBXFrameworksBuildPhase section */

/* Begin PBXGroup section */
		C965A03F284EBD6D00E69A81 = {
			isa = PBXGroup;
			children = (
				C965A04A284EBD6D00E69A81 /* API-Digimon */,
				C965A049284EBD6D00E69A81 /* Products */,
			);
			sourceTree = "<group>";
		};
		C965A049284EBD6D00E69A81 /* Products */ = {
			isa = PBXGroup;
			children = (
				C965A048284EBD6D00E69A81 /* API-Digimon.app */,
			);
			name = Products;
			sourceTree = "<group>";
		};
		C965A04A284EBD6D00E69A81 /* API-Digimon */ = {
			isa = PBXGroup;
			children = (
				C9AD6F0C28510875009E8E05 /* Onboarding */,
				C9AD6F0B2851083C009E8E05 /* Protocols */,
				C9AD6F0A2851082A009E8E05 /* Service */,
				C9AD6F0928510753009E8E05 /* DigimonsList */,
				C965A04B284EBD6D00E69A81 /* AppDelegate.swift */,
				C965A04D284EBD6D00E69A81 /* SceneDelegate.swift */,
				C965A054284EBD6E00E69A81 /* Assets.xcassets */,
				C965A056284EBD6E00E69A81 /* LaunchScreen.storyboard */,
				C965A059284EBD6E00E69A81 /* Info.plist */,
			);
			path = "API-Digimon";
			sourceTree = "<group>";
		};
		C9AD6F0928510753009E8E05 /* DigimonsList */ = {
			isa = PBXGroup;
			children = (
				C9C35E4D284F90B6003929F0 /* DigimonViewModel.swift */,
				C965A065284ED82000E69A81 /* DigimonModel.swift */,
				C965A061284ECC8200E69A81 /* CustomCell.swift */,
				C965A05F284EC7A400E69A81 /* TableView.swift */,
				C965A04F284EBD6D00E69A81 /* ViewController.swift */,
			);
			path = DigimonsList;
			sourceTree = "<group>";
		};
		C9AD6F0A2851082A009E8E05 /* Service */ = {
			isa = PBXGroup;
			children = (
				C965A067284ED87C00E69A81 /* APIManager.swift */,
			);
			path = Service;
			sourceTree = "<group>";
		};
		C9AD6F0B2851083C009E8E05 /* Protocols */ = {
			isa = PBXGroup;
			children = (
				C965A063284ED33A00E69A81 /* ConfigurableCellProtocol.swift */,
			);
			path = Protocols;
			sourceTree = "<group>";
		};
		C9AD6F0C28510875009E8E05 /* Onboarding */ = {
			isa = PBXGroup;
			children = (
				C9AD6F0D285108EF009E8E05 /* OnboardingView.swift */,
				C9AD6F0F28510D9C009E8E05 /* OnboardingViewController.swift */,
			);
			path = Onboarding;
			sourceTree = "<group>";
		};
/* End PBXGroup section */

/* Begin PBXNativeTarget section */
		C965A047284EBD6D00E69A81 /* API-Digimon */ = {
			isa = PBXNativeTarget;
			buildConfigurationList = C965A05C284EBD6E00E69A81 /* Build configuration list for PBXNativeTarget "API-Digimon" */;
			buildPhases = (
				C965A044284EBD6D00E69A81 /* Sources */,
				C965A045284EBD6D00E69A81 /* Frameworks */,
				C965A046284EBD6D00E69A81 /* Resources */,
			);
			buildRules = (
			);
			dependencies = (
			);
			name = "API-Digimon";
			productName = "API-Digimon";
			productReference = C965A048284EBD6D00E69A81 /* API-Digimon.app */;
			productType = "com.apple.product-type.application";
		};
/* End PBXNativeTarget section */

/* Begin PBXProject section */
		C965A040284EBD6D00E69A81 /* Project object */ = {
			isa = PBXProject;
			attributes = {
				BuildIndependentTargetsInParallel = 1;
				LastSwiftUpdateCheck = 1340;
				LastUpgradeCheck = 1340;
				TargetAttributes = {
					C965A047284EBD6D00E69A81 = {
						CreatedOnToolsVersion = 13.4;
					};
				};
			};
			buildConfigurationList = C965A043284EBD6D00E69A81 /* Build configuration list for PBXProject "API-Digimon" */;
			compatibilityVersion = "Xcode 13.0";
			developmentRegion = en;
			hasScannedForEncodings = 0;
			knownRegions = (
				en,
				Base,
			);
			mainGroup = C965A03F284EBD6D00E69A81;
			productRefGroup = C965A049284EBD6D00E69A81 /* Products */;
			projectDirPath = "";
			projectRoot = "";
			targets = (
				C965A047284EBD6D00E69A81 /* API-Digimon */,
			);
		};
/* End PBXProject section */

/* Begin PBXResourcesBuildPhase section */
		C965A046284EBD6D00E69A81 /* Resources */ = {
			isa = PBXResourcesBuildPhase;
			buildActionMask = 2147483647;
			files = (
				C965A058284EBD6E00E69A81 /* LaunchScreen.storyboard in Resources */,
				C965A055284EBD6E00E69A81 /* Assets.xcassets in Resources */,
			);
			runOnlyForDeploymentPostprocessing = 0;
		};
/* End PBXResourcesBuildPhase section */

/* Begin PBXSourcesBuildPhase section */
		C965A044284EBD6D00E69A81 /* Sources */ = {
			isa = PBXSourcesBuildPhase;
			buildActionMask = 2147483647;
			files = (
				C9C35E4E284F90B6003929F0 /* DigimonViewModel.swift in Sources */,
				C965A066284ED82000E69A81 /* DigimonModel.swift in Sources */,
				C965A050284EBD6D00E69A81 /* ViewController.swift in Sources */,
				C9AD6F0E285108EF009E8E05 /* OnboardingView.swift in Sources */,
				C965A060284EC7A400E69A81 /* TableView.swift in Sources */,
				C965A068284ED87C00E69A81 /* APIManager.swift in Sources */,
				C965A064284ED33A00E69A81 /* ConfigurableCellProtocol.swift in Sources */,
				C965A062284ECC8200E69A81 /* CustomCell.swift in Sources */,
				C965A04C284EBD6D00E69A81 /* AppDelegate.swift in Sources */,
				C9AD6F1028510D9C009E8E05 /* OnboardingViewController.swift in Sources */,
				C965A04E284EBD6D00E69A81 /* SceneDelegate.swift in Sources */,
			);
			runOnlyForDeploymentPostprocessing = 0;
		};
/* End PBXSourcesBuildPhase section */

/* Begin PBXVariantGroup section */
		C965A056284EBD6E00E69A81 /* LaunchScreen.storyboard */ = {
			isa = PBXVariantGroup;
			children = (
				C965A057284EBD6E00E69A81 /* Base */,
			);
			name = LaunchScreen.storyboard;
			sourceTree = "<group>";
		};
/* End PBXVariantGroup section */

/* Begin XCBuildConfiguration section */
		C965A05A284EBD6E00E69A81 /* Debug */ = {
			isa = XCBuildConfiguration;
			buildSettings = {
				ALWAYS_SEARCH_USER_PATHS = NO;
				CLANG_ANALYZER_NONNULL = YES;
				CLANG_ANALYZER_NUMBER_OBJECT_CONVERSION = YES_AGGRESSIVE;
				CLANG_CXX_LANGUAGE_STANDARD = "gnu++17";
				CLANG_ENABLE_MODULES = YES;
				CLANG_ENABLE_OBJC_ARC = YES;
				CLANG_ENABLE_OBJC_WEAK = YES;
				CLANG_WARN_BLOCK_CAPTURE_AUTORELEASING = YES;
				CLANG_WARN_BOOL_CONVERSION = YES;
				CLANG_WARN_COMMA = YES;
				CLANG_WARN_CONSTANT_CONVERSION = YES;
				CLANG_WARN_DEPRECATED_OBJC_IMPLEMENTATIONS = YES;
				CLANG_WARN_DIRECT_OBJC_ISA_USAGE = YES_ERROR;
				CLANG_WARN_DOCUMENTATION_COMMENTS = YES;
				CLANG_WARN_EMPTY_BODY = YES;
				CLANG_WARN_ENUM_CONVERSION = YES;
				CLANG_WARN_INFINITE_RECURSION = YES;
				CLANG_WARN_INT_CONVERSION = YES;
				CLANG_WARN_NON_LITERAL_NULL_CONVERSION = YES;
				CLANG_WARN_OBJC_IMPLICIT_RETAIN_SELF = YES;
				CLANG_WARN_OBJC_LITERAL_CONVERSION = YES;
				CLANG_WARN_OBJC_ROOT_CLASS = YES_ERROR;
				CLANG_WARN_QUOTED_INCLUDE_IN_FRAMEWORK_HEADER = YES;
				CLANG_WARN_RANGE_LOOP_ANALYSIS = YES;
				CLANG_WARN_STRICT_PROTOTYPES = YES;
				CLANG_WARN_SUSPICIOUS_MOVE = YES;
				CLANG_WARN_UNGUARDED_AVAILABILITY = YES_AGGRESSIVE;
				CLANG_WARN_UNREACHABLE_CODE = YES;
				CLANG_WARN__DUPLICATE_METHOD_MATCH = YES;
				COPY_PHASE_STRIP = NO;
				DEBUG_INFORMATION_FORMAT = dwarf;
				ENABLE_STRICT_OBJC_MSGSEND = YES;
				ENABLE_TESTABILITY = YES;
				GCC_C_LANGUAGE_STANDARD = gnu11;
				GCC_DYNAMIC_NO_PIC = NO;
				GCC_NO_COMMON_BLOCKS = YES;
				GCC_OPTIMIZATION_LEVEL = 0;
				GCC_PREPROCESSOR_DEFINITIONS = (
					"DEBUG=1",
					"$(inherited)",
				);
				GCC_WARN_64_TO_32_BIT_CONVERSION = YES;
				GCC_WARN_ABOUT_RETURN_TYPE = YES_ERROR;
				GCC_WARN_UNDECLARED_SELECTOR = YES;
				GCC_WARN_UNINITIALIZED_AUTOS = YES_AGGRESSIVE;
				GCC_WARN_UNUSED_FUNCTION = YES;
				GCC_WARN_UNUSED_VARIABLE = YES;
				IPHONEOS_DEPLOYMENT_TARGET = 15.5;
				MTL_ENABLE_DEBUG_INFO = INCLUDE_SOURCE;
				MTL_FAST_MATH = YES;
				ONLY_ACTIVE_ARCH = YES;
				SDKROOT = iphoneos;
				SWIFT_ACTIVE_COMPILATION_CONDITIONS = DEBUG;
				SWIFT_OPTIMIZATION_LEVEL = "-Onone";
			};
			name = Debug;
		};
		C965A05B284EBD6E00E69A81 /* Release */ = {
			isa = XCBuildConfiguration;
			buildSettings = {
				ALWAYS_SEARCH_USER_PATHS = NO;
				CLANG_ANALYZER_NONNULL = YES;
				CLANG_ANALYZER_NUMBER_OBJECT_CONVERSION = YES_AGGRESSIVE;
				CLANG_CXX_LANGUAGE_STANDARD = "gnu++17";
				CLANG_ENABLE_MODULES = YES;
				CLANG_ENABLE_OBJC_ARC = YES;
				CLANG_ENABLE_OBJC_WEAK = YES;
				CLANG_WARN_BLOCK_CAPTURE_AUTORELEASING = YES;
				CLANG_WARN_BOOL_CONVERSION = YES;
				CLANG_WARN_COMMA = YES;
				CLANG_WARN_CONSTANT_CONVERSION = YES;
				CLANG_WARN_DEPRECATED_OBJC_IMPLEMENTATIONS = YES;
				CLANG_WARN_DIRECT_OBJC_ISA_USAGE = YES_ERROR;
				CLANG_WARN_DOCUMENTATION_COMMENTS = YES;
				CLANG_WARN_EMPTY_BODY = YES;
				CLANG_WARN_ENUM_CONVERSION = YES;
				CLANG_WARN_INFINITE_RECURSION = YES;
				CLANG_WARN_INT_CONVERSION = YES;
				CLANG_WARN_NON_LITERAL_NULL_CONVERSION = YES;
				CLANG_WARN_OBJC_IMPLICIT_RETAIN_SELF = YES;
				CLANG_WARN_OBJC_LITERAL_CONVERSION = YES;
				CLANG_WARN_OBJC_ROOT_CLASS = YES_ERROR;
				CLANG_WARN_QUOTED_INCLUDE_IN_FRAMEWORK_HEADER = YES;
				CLANG_WARN_RANGE_LOOP_ANALYSIS = YES;
				CLANG_WARN_STRICT_PROTOTYPES = YES;
				CLANG_WARN_SUSPICIOUS_MOVE = YES;
				CLANG_WARN_UNGUARDED_AVAILABILITY = YES_AGGRESSIVE;
				CLANG_WARN_UNREACHABLE_CODE = YES;
				CLANG_WARN__DUPLICATE_METHOD_MATCH = YES;
				COPY_PHASE_STRIP = NO;
				DEBUG_INFORMATION_FORMAT = "dwarf-with-dsym";
				ENABLE_NS_ASSERTIONS = NO;
				ENABLE_STRICT_OBJC_MSGSEND = YES;
				GCC_C_LANGUAGE_STANDARD = gnu11;
				GCC_NO_COMMON_BLOCKS = YES;
				GCC_WARN_64_TO_32_BIT_CONVERSION = YES;
				GCC_WARN_ABOUT_RETURN_TYPE = YES_ERROR;
				GCC_WARN_UNDECLARED_SELECTOR = YES;
				GCC_WARN_UNINITIALIZED_AUTOS = YES_AGGRESSIVE;
				GCC_WARN_UNUSED_FUNCTION = YES;
				GCC_WARN_UNUSED_VARIABLE = YES;
				IPHONEOS_DEPLOYMENT_TARGET = 15.5;
				MTL_ENABLE_DEBUG_INFO = NO;
				MTL_FAST_MATH = YES;
				SDKROOT = iphoneos;
				SWIFT_COMPILATION_MODE = wholemodule;
				SWIFT_OPTIMIZATION_LEVEL = "-O";
				VALIDATE_PRODUCT = YES;
			};
			name = Release;
		};
		C965A05D284EBD6E00E69A81 /* Debug */ = {
			isa = XCBuildConfiguration;
			buildSettings = {
				ASSETCATALOG_COMPILER_APPICON_NAME = AppIcon;
				ASSETCATALOG_COMPILER_GLOBAL_ACCENT_COLOR_NAME = AccentColor;
				CODE_SIGN_STYLE = Automatic;
				CURRENT_PROJECT_VERSION = 1;
				DEVELOPMENT_TEAM = HXRS3CF57N;
				GENERATE_INFOPLIST_FILE = YES;
				INFOPLIST_FILE = "API-Digimon/Info.plist";
				INFOPLIST_KEY_UIApplicationSupportsIndirectInputEvents = YES;
				INFOPLIST_KEY_UILaunchStoryboardName = LaunchScreen;
				INFOPLIST_KEY_UISupportedInterfaceOrientations_iPad = "UIInterfaceOrientationPortrait UIInterfaceOrientationPortraitUpsideDown UIInterfaceOrientationLandscapeLeft UIInterfaceOrientationLandscapeRight";
				INFOPLIST_KEY_UISupportedInterfaceOrientations_iPhone = "UIInterfaceOrientationPortrait UIInterfaceOrientationLandscapeLeft UIInterfaceOrientationLandscapeRight";
				LD_RUNPATH_SEARCH_PATHS = (
					"$(inherited)",
					"@executable_path/Frameworks",
				);
				MARKETING_VERSION = 1.0;
				PRODUCT_BUNDLE_IDENTIFIER = "Foursys.API-Digimon";
				PRODUCT_NAME = "$(TARGET_NAME)";
				SWIFT_EMIT_LOC_STRINGS = YES;
				SWIFT_VERSION = 5.0;
				TARGETED_DEVICE_FAMILY = "1,2";
			};
			name = Debug;
		};
		C965A05E284EBD6E00E69A81 /* Release */ = {
			isa = XCBuildConfiguration;
			buildSettings = {
				ASSETCATALOG_COMPILER_APPICON_NAME = AppIcon;
				ASSETCATALOG_COMPILER_GLOBAL_ACCENT_COLOR_NAME = AccentColor;
				CODE_SIGN_STYLE = Automatic;
				CURRENT_PROJECT_VERSION = 1;
				DEVELOPMENT_TEAM = HXRS3CF57N;
				GENERATE_INFOPLIST_FILE = YES;
				INFOPLIST_FILE = "API-Digimon/Info.plist";
				INFOPLIST_KEY_UIApplicationSupportsIndirectInputEvents = YES;
				INFOPLIST_KEY_UILaunchStoryboardName = LaunchScreen;
				INFOPLIST_KEY_UISupportedInterfaceOrientations_iPad = "UIInterfaceOrientationPortrait UIInterfaceOrientationPortraitUpsideDown UIInterfaceOrientationLandscapeLeft UIInterfaceOrientationLandscapeRight";
				INFOPLIST_KEY_UISupportedInterfaceOrientations_iPhone = "UIInterfaceOrientationPortrait UIInterfaceOrientationLandscapeLeft UIInterfaceOrientationLandscapeRight";
				LD_RUNPATH_SEARCH_PATHS = (
					"$(inherited)",
					"@executable_path/Frameworks",
				);
				MARKETING_VERSION = 1.0;
				PRODUCT_BUNDLE_IDENTIFIER = "Foursys.API-Digimon";
				PRODUCT_NAME = "$(TARGET_NAME)";
				SWIFT_EMIT_LOC_STRINGS = YES;
				SWIFT_VERSION = 5.0;
				TARGETED_DEVICE_FAMILY = "1,2";
			};
			name = Release;
		};
/* End XCBuildConfiguration section */

/* Begin XCConfigurationList section */
		C965A043284EBD6D00E69A81 /* Build configuration list for PBXProject "API-Digimon" */ = {
			isa = XCConfigurationList;
			buildConfigurations = (
				C965A05A284EBD6E00E69A81 /* Debug */,
				C965A05B284EBD6E00E69A81 /* Release */,
			);
			defaultConfigurationIsVisible = 0;
			defaultConfigurationName = Release;
		};
		C965A05C284EBD6E00E69A81 /* Build configuration list for PBXNativeTarget "API-Digimon" */ = {
			isa = XCConfigurationList;
			buildConfigurations = (
				C965A05D284EBD6E00E69A81 /* Debug */,
				C965A05E284EBD6E00E69A81 /* Release */,
			);
			defaultConfigurationIsVisible = 0;
			defaultConfigurationName = Release;
		};
/* End XCConfigurationList section */
	};
	rootObject = C965A040284EBD6D00E69A81 /* Project object */;
}
